packages:
  - name: dbt_utils
    package: dbt-labs/dbt_utils
    version: 1.1.1
  - name: dbt_date
    package: godatadriven/dbt_date
    version: 0.10.0
  - git: https://github.com/dbt-labs/dbt-audit-helper.git
    name: audit_helper
    revision: cc69f70e3a3b6b5bab4ac7691262b9fe4b14e5f7
sha1_hash: f2a73967505955af30d18f70489a423fd47cdf79
